
Microsoft Visual Studio Solution File, Format Version 12.00
# Visual Studio 15
VisualStudioVersion = 15.0.26730.15
MinimumVisualStudioVersion = 10.0.40219.1
Project("{FAE04EC0-301F-11D3-BF4B-00C04F79EFBC}") = "HmsService", "..\HmsService\HmsService\HmsService\HmsService.csproj", "{DE87DEC4-2E74-4C39-B8B3-58B32997FE7E}"
EndProject
Project("{FAE04EC0-301F-11D3-BF4B-00C04F79EFBC}") = "CapstoneProject-EIP", "CapstoneProject-EIP\CapstoneProject-EIP.csproj", "{EA8C090C-2A22-41E5-BDA6-EADC85E143BC}"
EndProject
Global
	GlobalSection(SolutionConfigurationPlatforms) = preSolution
		Debug|Any CPU = Debug|Any CPU
		Release|Any CPU = Release|Any CPU
	EndGlobalSection
	GlobalSection(ProjectConfigurationPlatforms) = postSolution
		{DE87DEC4-2E74-4C39-B8B3-58B32997FE7E}.Debug|Any CPU.ActiveCfg = Debug|Any CPU
		{DE87DEC4-2E74-4C39-B8B3-58B32997FE7E}.Debug|Any CPU.Build.0 = Debug|Any CPU
		{DE87DEC4-2E74-4C39-B8B3-58B32997FE7E}.Release|Any CPU.ActiveCfg = Release|Any CPU
		{DE87DEC4-2E74-4C39-B8B3-58B32997FE7E}.Release|Any CPU.Build.0 = Release|Any CPU
		{EA8C090C-2A22-41E5-BDA6-EADC85E143BC}.Debug|Any CPU.ActiveCfg = Debug|Any CPU
		{EA8C090C-2A22-41E5-BDA6-EADC85E143BC}.Debug|Any CPU.Build.0 = Debug|Any CPU
		{EA8C090C-2A22-41E5-BDA6-EADC85E143BC}.Release|Any CPU.ActiveCfg = Release|Any CPU
		{EA8C090C-2A22-41E5-BDA6-EADC85E143BC}.Release|Any CPU.Build.0 = Release|Any CPU
	EndGlobalSection
	GlobalSection(SolutionProperties) = preSolution
		HideSolutionNode = FALSE
	EndGlobalSection
	GlobalSection(ExtensibilityGlobals) = postSolution
		SolutionGuid = {2D64C747-5766-4276-971F-BEE6E3F2EA80}
	EndGlobalSection
EndGlobal
